
Microsoft Visual Studio Solution File, Format Version 12.00
# Visual Studio Version 17
VisualStudioVersion = 17.0.31912.275
MinimumVisualStudioVersion = 10.0.40219.1
Project("{FAE04EC0-301F-11D3-BF4B-00C04F79EFBC}") = "Asu", "Asu\Asu.csproj", "{0E3EB877-0365-4B51-BF91-EE002FEC8BCF}"
EndProject
Project("{FAE04EC0-301F-11D3-BF4B-00C04F79EFBC}") = "BlazorApp", "BlazorApp\BlazorApp.csproj", "{B6772C4C-0364-4DB5-9B53-3DC504249106}"
EndProject
Global
	GlobalSection(SolutionConfigurationPlatforms) = preSolution
		Debug|Any CPU = Debug|Any CPU
		Release|Any CPU = Release|Any CPU
	EndGlobalSection
	GlobalSection(ProjectConfigurationPlatforms) = postSolution
		{0E3EB877-0365-4B51-BF91-EE002FEC8BCF}.Debug|Any CPU.ActiveCfg = Debug|Any CPU
		{0E3EB877-0365-4B51-BF91-EE002FEC8BCF}.Debug|Any CPU.Build.0 = Debug|Any CPU
		{0E3EB877-0365-4B51-BF91-EE002FEC8BCF}.Release|Any CPU.ActiveCfg = Release|Any CPU
		{0E3EB877-0365-4B51-BF91-EE002FEC8BCF}.Release|Any CPU.Build.0 = Release|Any CPU
		{B6772C4C-0364-4DB5-9B53-3DC504249106}.Debug|Any CPU.ActiveCfg = Debug|Any CPU
		{B6772C4C-0364-4DB5-9B53-3DC504249106}.Debug|Any CPU.Build.0 = Debug|Any CPU
		{B6772C4C-0364-4DB5-9B53-3DC504249106}.Release|Any CPU.ActiveCfg = Release|Any CPU
		{B6772C4C-0364-4DB5-9B53-3DC504249106}.Release|Any CPU.Build.0 = Release|Any CPU
	EndGlobalSection
	GlobalSection(SolutionProperties) = preSolution
		HideSolutionNode = FALSE
	EndGlobalSection
	GlobalSection(ExtensibilityGlobals) = postSolution
		SolutionGuid = {6BFE0EB8-1BE0-43C1-81CE-08A92EC096E5}
	EndGlobalSection
EndGlobal
